<?xml version="1.0" encoding="utf-8"?>
<Project ToolsVersion="4.0" xmlns="http://schemas.microsoft.com/developer/msbuild/2003">
  <ItemGroup>
    <Filter Include="Source Files">
      <UniqueIdentifier>{4FC737F1-C7A5-4376-A066-2A32D752A2FF}</UniqueIdentifier>
      <Extensions>cpp;c;cc;cxx;def;odl;idl;hpj;bat;asm;asmx</Extensions>
    </Filter>
    <Filter Include="Header Files">
      <UniqueIdentifier>{93995380-89BD-4b04-88EB-625FBE52EBFB}</UniqueIdentifier>
      <Extensions>h;hh;hpp;hxx;hm;inl;inc;xsd</Extensions>
    </Filter>
    <Filter Include="Resource Files">
      <UniqueIdentifier>{67DA6AB6-F800-4c08-8B7A-83BB121AAD01}</UniqueIdentifier>
      <Extensions>rc;ico;cur;bmp;dlg;rc2;rct;bin;rgs;gif;jpg;jpeg;jpe;resx;tiff;tif;png;wav</Extensions>
    </Filter>
  </ItemGroup>
  <ItemGroup>
    <ClCompile Include="main.cpp">
      <Filter>Source Files</Filter>
    </ClCompile>
    <ClCompile Include="src\background\Ground.cpp">
      <Filter>Source Files</Filter>
    </ClCompile>
    <ClCompile Include="src\background\GroundArtifact.cpp">
      <Filter>Source Files</Filter>
    </ClCompile>
    <ClCompile Include="src\background\Tree.cpp">
      <Filter>Source Files</Filter>
    </ClCompile>
    <ClCompile Include="src\basic\Animation.cpp">
      <Filter>Source Files</Filter>
    </ClCompile>
    <ClCompile Include="src\basic\Entity.cpp">
      <Filter>Source Files</Filter>
    </ClCompile>
    <ClCompile Include="src\basic\Movable.cpp">
      <Filter>Source Files</Filter>
    </ClCompile>
    <ClCompile Include="src\characters\Clerk.cpp">
      <Filter>Source Files</Filter>
    </ClCompile>
    <ClCompile Include="src\characters\Manager.cpp">
      <Filter>Source Files</Filter>
    </ClCompile>
    <ClCompile Include="src\component\Destination.cpp">
      <Filter>Source Files</Filter>
    </ClCompile>
    <ClCompile Include="src\component\Elevator.cpp">
      <Filter>Source Files</Filter>
    </ClCompile>
    <ClCompile Include="src\component\WorkPlace.cpp">
      <Filter>Source Files</Filter>
    </ClCompile>
    <ClCompile Include="src\objects\ElevatorCabin.cpp">
      <Filter>Source Files</Filter>
    </ClCompile>
    <ClCompile Include="src\objects\ElevatorShaftMiddle.cpp">
      <Filter>Source Files</Filter>
    </ClCompile>
    <ClCompile Include="src\objects\ElevatorShaftTop.cpp">
      <Filter>Source Files</Filter>
    </ClCompile>
    <ClCompile Include="src\office\Chair.cpp">
      <Filter>Source Files</Filter>
    </ClCompile>
    <ClCompile Include="src\office\Office.cpp">
      <Filter>Source Files</Filter>
    </ClCompile>
    <ClCompile Include="src\office\OfficeClerk.cpp">
      <Filter>Source Files</Filter>
    </ClCompile>
    <ClCompile Include="src\system\ControlPanel.cpp">
      <Filter>Source Files</Filter>
    </ClCompile>
    <ClCompile Include="src\system\EntityContainer.cpp">
      <Filter>Source Files</Filter>
    </ClCompile>
    <ClCompile Include="src\system\EntityGroup.cpp">
      <Filter>Source Files</Filter>
    </ClCompile>
    <ClCompile Include="src\system\GameTime.cpp">
      <Filter>Source Files</Filter>
    </ClCompile>
    <ClCompile Include="src\system\ResourceLoader.cpp">
      <Filter>Source Files</Filter>
    </ClCompile>
    <ClCompile Include="src\system\SaveManager.cpp">
      <Filter>Source Files</Filter>
    </ClCompile>
    <ClCompile Include="src\system\System.cpp">
      <Filter>Source Files</Filter>
    </ClCompile>
    <ClCompile Include="src\system\ViewHandler.cpp">
      <Filter>Source Files</Filter>
    </ClCompile>
    <ClCompile Include="src\text\TextEntity.cpp">
      <Filter>Source Files</Filter>
    </ClCompile>
    <ClCompile Include="src\ui\BasicUi.cpp">
      <Filter>Source Files</Filter>
    </ClCompile>
    <ClCompile Include="src\ui\ControlButtonAddClerk.cpp">
      <Filter>Source Files</Filter>
    </ClCompile>
    <ClCompile Include="src\ui\ControlButtonAddElevator.cpp">
      <Filter>Source Files</Filter>
    </ClCompile>
    <ClCompile Include="src\ui\ControlButtonAddElevatorCabin.cpp">
      <Filter>Source Files</Filter>
    </ClCompile>
    <ClCompile Include="src\ui\ControlButtonAddElevatorShaftMiddle.cpp">
      <Filter>Source Files</Filter>
    </ClCompile>
    <ClCompile Include="src\ui\ControlButtonAddElevatorShaftTop.cpp">
      <Filter>Source Files</Filter>
    </ClCompile>
    <ClCompile Include="src\ui\ControlButtonAddManager.cpp">
      <Filter>Source Files</Filter>
    </ClCompile>
    <ClCompile Include="src\ui\ControlButtonAddOffice.cpp">
      <Filter>Source Files</Filter>
    </ClCompile>
    <ClCompile Include="src\ui\MoneyIndicator.cpp">
      <Filter>Source Files</Filter>
    </ClCompile>
    <ClCompile Include="src\ui\mainpanel\Button10x.cpp">
      <Filter>Source Files</Filter>
    </ClCompile>
    <ClCompile Include="src\ui\mainpanel\Button1x.cpp">
      <Filter>Source Files</Filter>
    </ClCompile>
    <ClCompile Include="src\ui\mainpanel\Button5x.cpp">
      <Filter>Source Files</Filter>
    </ClCompile>
    <ClCompile Include="src\ui\mainpanel\ButtonPause.cpp">
      <Filter>Source Files</Filter>
    </ClCompile>
    <ClCompile Include="src\ui\mainpanel\MainPanelOverlay.cpp">
      <Filter>Source Files</Filter>
    </ClCompile>
    <ClCompile Include="src\ui\questions\QAddClerk.cpp">
      <Filter>Source Files</Filter>
    </ClCompile>
    <ClCompile Include="src\ui\questions\QAddElevator.cpp">
      <Filter>Source Files</Filter>
    </ClCompile>
    <ClCompile Include="src\ui\questions\QAddManager.cpp">
      <Filter>Source Files</Filter>
    </ClCompile>
    <ClCompile Include="src\ui\questions\QAddOffice.cpp">
      <Filter>Source Files</Filter>
    </ClCompile>
    <ClCompile Include="src\ui\questions\Question.cpp">
      <Filter>Source Files</Filter>
    </ClCompile>
  </ItemGroup>
  <ItemGroup>
    <ClInclude Include="src\background\Ground.h">
      <Filter>Header Files</Filter>
    </ClInclude>
    <ClInclude Include="src\background\GroundArtifact.h">
      <Filter>Header Files</Filter>
    </ClInclude>
    <ClInclude Include="src\background\Tree.h">
      <Filter>Header Files</Filter>
    </ClInclude>
    <ClInclude Include="src\basic\Animation.h">
      <Filter>Header Files</Filter>
    </ClInclude>
    <ClInclude Include="src\basic\Entity.h">
      <Filter>Header Files</Filter>
    </ClInclude>
    <ClInclude Include="src\basic\Movable.h">
      <Filter>Header Files</Filter>
    </ClInclude>
    <ClInclude Include="src\characters\Clerk.h">
      <Filter>Header Files</Filter>
    </ClInclude>
    <ClInclude Include="src\characters\Manager.h">
      <Filter>Header Files</Filter>
    </ClInclude>
    <ClInclude Include="src\component\Destination.h">
      <Filter>Header Files</Filter>
    </ClInclude>
    <ClInclude Include="src\component\Elevator.h">
      <Filter>Header Files</Filter>
    </ClInclude>
    <ClInclude Include="src\component\WorkPlace.h">
      <Filter>Header Files</Filter>
    </ClInclude>
    <ClInclude Include="src\objects\ElevatorCabin.h">
      <Filter>Header Files</Filter>
    </ClInclude>
    <ClInclude Include="src\objects\ElevatorShaftMiddle.h">
      <Filter>Header Files</Filter>
    </ClInclude>
    <ClInclude Include="src\objects\ElevatorShaftTop.h">
      <Filter>Header Files</Filter>
    </ClInclude>
    <ClInclude Include="src\office\Chair.h">
      <Filter>Header Files</Filter>
    </ClInclude>
    <ClInclude Include="src\office\Office.h">
      <Filter>Header Files</Filter>
    </ClInclude>
    <ClInclude Include="src\office\OfficeClerk.h">
      <Filter>Header Files</Filter>
    </ClInclude>
    <ClInclude Include="src\system\ControlPanel.h">
      <Filter>Header Files</Filter>
    </ClInclude>
    <ClInclude Include="src\system\EntityContainer.h">
      <Filter>Header Files</Filter>
    </ClInclude>
    <ClInclude Include="src\system\EntityGroup.h">
      <Filter>Header Files</Filter>
    </ClInclude>
    <ClInclude Include="src\system\Enum.h">
      <Filter>Header Files</Filter>
    </ClInclude>
    <ClInclude Include="src\system\GameTime.h">
      <Filter>Header Files</Filter>
    </ClInclude>
    <ClInclude Include="src\system\ResourceLoader.h">
      <Filter>Header Files</Filter>
    </ClInclude>
    <ClInclude Include="src\system\SaveManager.h">
      <Filter>Header Files</Filter>
    </ClInclude>
    <ClInclude Include="src\system\System.h">
      <Filter>Header Files</Filter>
    </ClInclude>
    <ClInclude Include="src\system\ViewHandler.h">
      <Filter>Header Files</Filter>
    </ClInclude>
    <ClInclude Include="src\text\TextEntity.h">
      <Filter>Header Files</Filter>
    </ClInclude>
    <ClInclude Include="src\ui\BasicUi.h">
      <Filter>Header Files</Filter>
    </ClInclude>
    <ClInclude Include="src\ui\ControlButtonAddClerk.h">
      <Filter>Header Files</Filter>
    </ClInclude>
    <ClInclude Include="src\ui\ControlButtonAddElevator.h">
      <Filter>Header Files</Filter>
    </ClInclude>
    <ClInclude Include="src\ui\ControlButtonAddElevatorCabin.h">
      <Filter>Header Files</Filter>
    </ClInclude>
    <ClInclude Include="src\ui\ControlButtonAddElevatorShaftMiddle.h">
      <Filter>Header Files</Filter>
    </ClInclude>
    <ClInclude Include="src\ui\ControlButtonAddElevatorShaftTop.h">
      <Filter>Header Files</Filter>
    </ClInclude>
    <ClInclude Include="src\ui\ControlButtonAddManager.h">
      <Filter>Header Files</Filter>
    </ClInclude>
    <ClInclude Include="src\ui\ControlButtonAddOffice.h">
      <Filter>Header Files</Filter>
    </ClInclude>
    <ClInclude Include="src\ui\MoneyIndicator.h">
      <Filter>Header Files</Filter>
    </ClInclude>
    <ClInclude Include="src\ui\mainpanel\Button10x.h">
      <Filter>Header Files</Filter>
    </ClInclude>
    <ClInclude Include="src\ui\mainpanel\Button1x.h">
      <Filter>Header Files</Filter>
    </ClInclude>
    <ClInclude Include="src\ui\mainpanel\Button5x.h">
      <Filter>Header Files</Filter>
    </ClInclude>
    <ClInclude Include="src\ui\mainpanel\ButtonPause.h">
      <Filter>Header Files</Filter>
    </ClInclude>
    <ClInclude Include="src\ui\mainpanel\MainPanelOverlay.h">
      <Filter>Header Files</Filter>
    </ClInclude>
    <ClInclude Include="src\ui\questions\QAddClerk.h">
      <Filter>Header Files</Filter>
    </ClInclude>
    <ClInclude Include="src\ui\questions\QAddElevator.h">
      <Filter>Header Files</Filter>
    </ClInclude>
    <ClInclude Include="src\ui\questions\QAddManager.h">
      <Filter>Header Files</Filter>
    </ClInclude>
    <ClInclude Include="src\ui\questions\QAddOffice.h">
      <Filter>Header Files</Filter>
    </ClInclude>
    <ClInclude Include="src\ui\questions\Question.h">
      <Filter>Header Files</Filter>
    </ClInclude>
    <ClInclude Include="vendor\sfml-2.4.2-windows\include\sfml\Audio.hpp">
      <Filter>Header Files</Filter>
    </ClInclude>
    <ClInclude Include="vendor\sfml-2.4.2-windows\include\sfml\Config.hpp">
      <Filter>Header Files</Filter>
    </ClInclude>
    <ClInclude Include="vendor\sfml-2.4.2-windows\include\sfml\Graphics.hpp">
      <Filter>Header Files</Filter>
    </ClInclude>
    <ClInclude Include="vendor\sfml-2.4.2-windows\include\sfml\Main.hpp">
      <Filter>Header Files</Filter>
    </ClInclude>
    <ClInclude Include="vendor\sfml-2.4.2-windows\include\sfml\Network.hpp">
      <Filter>Header Files</Filter>
    </ClInclude>
    <ClInclude Include="vendor\sfml-2.4.2-windows\include\sfml\OpenGL.hpp">
      <Filter>Header Files</Filter>
    </ClInclude>
    <ClInclude Include="vendor\sfml-2.4.2-windows\include\sfml\System.hpp">
      <Filter>Header Files</Filter>
    </ClInclude>
    <ClInclude Include="vendor\sfml-2.4.2-windows\include\sfml\Window.hpp">
      <Filter>Header Files</Filter>
    </ClInclude>
    <ClInclude Include="vendor\sfml-2.4.2-windows\include\sfml\audio\AlResource.hpp">
      <Filter>Header Files</Filter>
    </ClInclude>
    <ClInclude Include="vendor\sfml-2.4.2-windows\include\sfml\audio\Export.hpp">
      <Filter>Header Files</Filter>
    </ClInclude>
    <ClInclude Include="vendor\sfml-2.4.2-windows\include\sfml\audio\InputSoundFile.hpp">
      <Filter>Header Files</Filter>
    </ClInclude>
    <ClInclude Include="vendor\sfml-2.4.2-windows\include\sfml\audio\Listener.hpp">
      <Filter>Header Files</Filter>
    </ClInclude>
    <ClInclude Include="vendor\sfml-2.4.2-windows\include\sfml\audio\Music.hpp">
      <Filter>Header Files</Filter>
    </ClInclude>
    <ClInclude Include="vendor\sfml-2.4.2-windows\include\sfml\audio\OutputSoundFile.hpp">
      <Filter>Header Files</Filter>
    </ClInclude>
    <ClInclude Include="vendor\sfml-2.4.2-windows\include\sfml\audio\Sound.hpp">
      <Filter>Header Files</Filter>
    </ClInclude>
    <ClInclude Include="vendor\sfml-2.4.2-windows\include\sfml\audio\SoundBuffer.hpp">
      <Filter>Header Files</Filter>
    </ClInclude>
    <ClInclude Include="vendor\sfml-2.4.2-windows\include\sfml\audio\SoundBufferRecorder.hpp">
      <Filter>Header Files</Filter>
    </ClInclude>
    <ClInclude Include="vendor\sfml-2.4.2-windows\include\sfml\audio\SoundFileFactory.hpp">
      <Filter>Header Files</Filter>
    </ClInclude>
    <ClInclude Include="vendor\sfml-2.4.2-windows\include\sfml\audio\SoundFileReader.hpp">
      <Filter>Header Files</Filter>
    </ClInclude>
    <ClInclude Include="vendor\sfml-2.4.2-windows\include\sfml\audio\SoundFileWriter.hpp">
      <Filter>Header Files</Filter>
    </ClInclude>
    <ClInclude Include="vendor\sfml-2.4.2-windows\include\sfml\audio\SoundRecorder.hpp">
      <Filter>Header Files</Filter>
    </ClInclude>
    <ClInclude Include="vendor\sfml-2.4.2-windows\include\sfml\audio\SoundSource.hpp">
      <Filter>Header Files</Filter>
    </ClInclude>
    <ClInclude Include="vendor\sfml-2.4.2-windows\include\sfml\audio\SoundStream.hpp">
      <Filter>Header Files</Filter>
    </ClInclude>
    <ClInclude Include="vendor\sfml-2.4.2-windows\include\sfml\graphics\BlendMode.hpp">
      <Filter>Header Files</Filter>
    </ClInclude>
    <ClInclude Include="vendor\sfml-2.4.2-windows\include\sfml\graphics\CircleShape.hpp">
      <Filter>Header Files</Filter>
    </ClInclude>
    <ClInclude Include="vendor\sfml-2.4.2-windows\include\sfml\graphics\Color.hpp">
      <Filter>Header Files</Filter>
    </ClInclude>
    <ClInclude Include="vendor\sfml-2.4.2-windows\include\sfml\graphics\ConvexShape.hpp">
      <Filter>Header Files</Filter>
    </ClInclude>
    <ClInclude Include="vendor\sfml-2.4.2-windows\include\sfml\graphics\Drawable.hpp">
      <Filter>Header Files</Filter>
    </ClInclude>
    <ClInclude Include="vendor\sfml-2.4.2-windows\include\sfml\graphics\Export.hpp">
      <Filter>Header Files</Filter>
    </ClInclude>
    <ClInclude Include="vendor\sfml-2.4.2-windows\include\sfml\graphics\Font.hpp">
      <Filter>Header Files</Filter>
    </ClInclude>
    <ClInclude Include="vendor\sfml-2.4.2-windows\include\sfml\graphics\Glsl.hpp">
      <Filter>Header Files</Filter>
    </ClInclude>
    <ClInclude Include="vendor\sfml-2.4.2-windows\include\sfml\graphics\Glyph.hpp">
      <Filter>Header Files</Filter>
    </ClInclude>
    <ClInclude Include="vendor\sfml-2.4.2-windows\include\sfml\graphics\Image.hpp">
      <Filter>Header Files</Filter>
    </ClInclude>
    <ClInclude Include="vendor\sfml-2.4.2-windows\include\sfml\graphics\PrimitiveType.hpp">
      <Filter>Header Files</Filter>
    </ClInclude>
    <ClInclude Include="vendor\sfml-2.4.2-windows\include\sfml\graphics\Rect.hpp">
      <Filter>Header Files</Filter>
    </ClInclude>
    <ClInclude Include="vendor\sfml-2.4.2-windows\include\sfml\graphics\RectangleShape.hpp">
      <Filter>Header Files</Filter>
    </ClInclude>
    <ClInclude Include="vendor\sfml-2.4.2-windows\include\sfml\graphics\RenderStates.hpp">
      <Filter>Header Files</Filter>
    </ClInclude>
    <ClInclude Include="vendor\sfml-2.4.2-windows\include\sfml\graphics\RenderTarget.hpp">
      <Filter>Header Files</Filter>
    </ClInclude>
    <ClInclude Include="vendor\sfml-2.4.2-windows\include\sfml\graphics\RenderTexture.hpp">
      <Filter>Header Files</Filter>
    </ClInclude>
    <ClInclude Include="vendor\sfml-2.4.2-windows\include\sfml\graphics\RenderWindow.hpp">
      <Filter>Header Files</Filter>
    </ClInclude>
    <ClInclude Include="vendor\sfml-2.4.2-windows\include\sfml\graphics\Shader.hpp">
      <Filter>Header Files</Filter>
    </ClInclude>
    <ClInclude Include="vendor\sfml-2.4.2-windows\include\sfml\graphics\Shape.hpp">
      <Filter>Header Files</Filter>
    </ClInclude>
    <ClInclude Include="vendor\sfml-2.4.2-windows\include\sfml\graphics\Sprite.hpp">
      <Filter>Header Files</Filter>
    </ClInclude>
    <ClInclude Include="vendor\sfml-2.4.2-windows\include\sfml\graphics\Text.hpp">
      <Filter>Header Files</Filter>
    </ClInclude>
    <ClInclude Include="vendor\sfml-2.4.2-windows\include\sfml\graphics\Texture.hpp">
      <Filter>Header Files</Filter>
    </ClInclude>
    <ClInclude Include="vendor\sfml-2.4.2-windows\include\sfml\graphics\Transform.hpp">
      <Filter>Header Files</Filter>
    </ClInclude>
    <ClInclude Include="vendor\sfml-2.4.2-windows\include\sfml\graphics\Transformable.hpp">
      <Filter>Header Files</Filter>
    </ClInclude>
    <ClInclude Include="vendor\sfml-2.4.2-windows\include\sfml\graphics\Vertex.hpp">
      <Filter>Header Files</Filter>
    </ClInclude>
    <ClInclude Include="vendor\sfml-2.4.2-windows\include\sfml\graphics\VertexArray.hpp">
      <Filter>Header Files</Filter>
    </ClInclude>
    <ClInclude Include="vendor\sfml-2.4.2-windows\include\sfml\graphics\View.hpp">
      <Filter>Header Files</Filter>
    </ClInclude>
    <ClInclude Include="vendor\sfml-2.4.2-windows\include\sfml\network\Export.hpp">
      <Filter>Header Files</Filter>
    </ClInclude>
    <ClInclude Include="vendor\sfml-2.4.2-windows\include\sfml\network\Ftp.hpp">
      <Filter>Header Files</Filter>
    </ClInclude>
    <ClInclude Include="vendor\sfml-2.4.2-windows\include\sfml\network\Http.hpp">
      <Filter>Header Files</Filter>
    </ClInclude>
    <ClInclude Include="vendor\sfml-2.4.2-windows\include\sfml\network\IpAddress.hpp">
      <Filter>Header Files</Filter>
    </ClInclude>
    <ClInclude Include="vendor\sfml-2.4.2-windows\include\sfml\network\Packet.hpp">
      <Filter>Header Files</Filter>
    </ClInclude>
    <ClInclude Include="vendor\sfml-2.4.2-windows\include\sfml\network\Socket.hpp">
      <Filter>Header Files</Filter>
    </ClInclude>
    <ClInclude Include="vendor\sfml-2.4.2-windows\include\sfml\network\SocketHandle.hpp">
      <Filter>Header Files</Filter>
    </ClInclude>
    <ClInclude Include="vendor\sfml-2.4.2-windows\include\sfml\network\SocketSelector.hpp">
      <Filter>Header Files</Filter>
    </ClInclude>
    <ClInclude Include="vendor\sfml-2.4.2-windows\include\sfml\network\TcpListener.hpp">
      <Filter>Header Files</Filter>
    </ClInclude>
    <ClInclude Include="vendor\sfml-2.4.2-windows\include\sfml\network\TcpSocket.hpp">
      <Filter>Header Files</Filter>
    </ClInclude>
    <ClInclude Include="vendor\sfml-2.4.2-windows\include\sfml\network\UdpSocket.hpp">
      <Filter>Header Files</Filter>
    </ClInclude>
    <ClInclude Include="vendor\sfml-2.4.2-windows\include\sfml\system\Clock.hpp">
      <Filter>Header Files</Filter>
    </ClInclude>
    <ClInclude Include="vendor\sfml-2.4.2-windows\include\sfml\system\Err.hpp">
      <Filter>Header Files</Filter>
    </ClInclude>
    <ClInclude Include="vendor\sfml-2.4.2-windows\include\sfml\system\Export.hpp">
      <Filter>Header Files</Filter>
    </ClInclude>
    <ClInclude Include="vendor\sfml-2.4.2-windows\include\sfml\system\FileInputStream.hpp">
      <Filter>Header Files</Filter>
    </ClInclude>
    <ClInclude Include="vendor\sfml-2.4.2-windows\include\sfml\system\InputStream.hpp">
      <Filter>Header Files</Filter>
    </ClInclude>
    <ClInclude Include="vendor\sfml-2.4.2-windows\include\sfml\system\Lock.hpp">
      <Filter>Header Files</Filter>
    </ClInclude>
    <ClInclude Include="vendor\sfml-2.4.2-windows\include\sfml\system\MemoryInputStream.hpp">
      <Filter>Header Files</Filter>
    </ClInclude>
    <ClInclude Include="vendor\sfml-2.4.2-windows\include\sfml\system\Mutex.hpp">
      <Filter>Header Files</Filter>
    </ClInclude>
    <ClInclude Include="vendor\sfml-2.4.2-windows\include\sfml\system\NativeActivity.hpp">
      <Filter>Header Files</Filter>
    </ClInclude>
    <ClInclude Include="vendor\sfml-2.4.2-windows\include\sfml\system\NonCopyable.hpp">
      <Filter>Header Files</Filter>
    </ClInclude>
    <ClInclude Include="vendor\sfml-2.4.2-windows\include\sfml\system\Sleep.hpp">
      <Filter>Header Files</Filter>
    </ClInclude>
    <ClInclude Include="vendor\sfml-2.4.2-windows\include\sfml\system\String.hpp">
      <Filter>Header Files</Filter>
    </ClInclude>
    <ClInclude Include="vendor\sfml-2.4.2-windows\include\sfml\system\Thread.hpp">
      <Filter>Header Files</Filter>
    </ClInclude>
    <ClInclude Include="vendor\sfml-2.4.2-windows\include\sfml\system\ThreadLocal.hpp">
      <Filter>Header Files</Filter>
    </ClInclude>
    <ClInclude Include="vendor\sfml-2.4.2-windows\include\sfml\system\ThreadLocalPtr.hpp">
      <Filter>Header Files</Filter>
    </ClInclude>
    <ClInclude Include="vendor\sfml-2.4.2-windows\include\sfml\system\Time.hpp">
      <Filter>Header Files</Filter>
    </ClInclude>
    <ClInclude Include="vendor\sfml-2.4.2-windows\include\sfml\system\Utf.hpp">
      <Filter>Header Files</Filter>
    </ClInclude>
    <ClInclude Include="vendor\sfml-2.4.2-windows\include\sfml\system\Vector2.hpp">
      <Filter>Header Files</Filter>
    </ClInclude>
    <ClInclude Include="vendor\sfml-2.4.2-windows\include\sfml\system\Vector3.hpp">
      <Filter>Header Files</Filter>
    </ClInclude>
    <ClInclude Include="vendor\sfml-2.4.2-windows\include\sfml\window\Context.hpp">
      <Filter>Header Files</Filter>
    </ClInclude>
    <ClInclude Include="vendor\sfml-2.4.2-windows\include\sfml\window\ContextSettings.hpp">
      <Filter>Header Files</Filter>
    </ClInclude>
    <ClInclude Include="vendor\sfml-2.4.2-windows\include\sfml\window\Event.hpp">
      <Filter>Header Files</Filter>
    </ClInclude>
    <ClInclude Include="vendor\sfml-2.4.2-windows\include\sfml\window\Export.hpp">
      <Filter>Header Files</Filter>
    </ClInclude>
    <ClInclude Include="vendor\sfml-2.4.2-windows\include\sfml\window\GlResource.hpp">
      <Filter>Header Files</Filter>
    </ClInclude>
    <ClInclude Include="vendor\sfml-2.4.2-windows\include\sfml\window\Joystick.hpp">
      <Filter>Header Files</Filter>
    </ClInclude>
    <ClInclude Include="vendor\sfml-2.4.2-windows\include\sfml\window\Keyboard.hpp">
      <Filter>Header Files</Filter>
    </ClInclude>
    <ClInclude Include="vendor\sfml-2.4.2-windows\include\sfml\window\Mouse.hpp">
      <Filter>Header Files</Filter>
    </ClInclude>
    <ClInclude Include="vendor\sfml-2.4.2-windows\include\sfml\window\Sensor.hpp">
      <Filter>Header Files</Filter>
    </ClInclude>
    <ClInclude Include="vendor\sfml-2.4.2-windows\include\sfml\window\Touch.hpp">
      <Filter>Header Files</Filter>
    </ClInclude>
    <ClInclude Include="vendor\sfml-2.4.2-windows\include\sfml\window\VideoMode.hpp">
      <Filter>Header Files</Filter>
    </ClInclude>
    <ClInclude Include="vendor\sfml-2.4.2-windows\include\sfml\window\Window.hpp">
      <Filter>Header Files</Filter>
    </ClInclude>
    <ClInclude Include="vendor\sfml-2.4.2-windows\include\sfml\window\WindowHandle.hpp">
      <Filter>Header Files</Filter>
    </ClInclude>
    <ClInclude Include="vendor\sfml-2.4.2-windows\include\sfml\window\WindowStyle.hpp">
      <Filter>Header Files</Filter>
    </ClInclude>
  </ItemGroup>
  <ItemGroup>
    <None Include="vendor\sfml-2.4.2-windows\include\sfml\audio\SoundFileFactory.inl">
      <Filter>Header Files</Filter>
    </None>
    <None Include="vendor\sfml-2.4.2-windows\include\sfml\graphics\Glsl.inl">
      <Filter>Header Files</Filter>
    </None>
    <None Include="vendor\sfml-2.4.2-windows\include\sfml\graphics\Rect.inl">
      <Filter>Header Files</Filter>
    </None>
    <None Include="vendor\sfml-2.4.2-windows\include\sfml\system\String.inl">
      <Filter>Header Files</Filter>
    </None>
    <None Include="vendor\sfml-2.4.2-windows\include\sfml\system\Thread.inl">
      <Filter>Header Files</Filter>
    </None>
    <None Include="vendor\sfml-2.4.2-windows\include\sfml\system\ThreadLocalPtr.inl">
      <Filter>Header Files</Filter>
    </None>
    <None Include="vendor\sfml-2.4.2-windows\include\sfml\system\Utf.inl">
      <Filter>Header Files</Filter>
    </None>
    <None Include="vendor\sfml-2.4.2-windows\include\sfml\system\Vector2.inl">
      <Filter>Header Files</Filter>
    </None>
    <None Include="vendor\sfml-2.4.2-windows\include\sfml\system\Vector3.inl">
      <Filter>Header Files</Filter>
    </None>
  </ItemGroup>
  <ItemGroup>
    <ResourceCompile Include="main.rc">
      <Filter>Resource Files</Filter>
    </ResourceCompile>
  </ItemGroup>
</Project>